PODS:
  - Flutter (1.0.0)
  - Superscript (1.0.13)
  - SuperwallKit (4.14.2):
    - Superscript (= 1.0.13)
  - superwallkit_flutter (0.0.1):
    - Flutter
    - SuperwallKit (= 4.14.2)

DEPENDENCIES:
  - Flutter (from `Flutter`)
  - superwallkit_flutter (from `.symlinks/plugins/superwallkit_flutter/ios`)

SPEC REPOS:
  trunk:
    - Superscript
    - SuperwallKit

EXTERNAL SOURCES:
  Flutter:
    :path: Flutter
  superwallkit_flutter:
    :path: ".symlinks/plugins/superwallkit_flutter/ios"

SPEC CHECKSUMS:
  Flutter: cabc95a1d2626b1b06e7179b784ebcf0c0cde467
  Superscript: bcb4099b41bed108ab7e88cfc56af0ed1170b582
  SuperwallKit: 2db74ff2a15a1ea5771ae222dc164e6f33a8d241
  superwallkit_flutter: fb64ed024ae3cadcd1a8b151eda2769e9a077b44

PODFILE CHECKSUM: 8efd7575ac234b0ab30715e91cd5d3e7c5358456

COCOAPODS: 1.17.0
